
Microsoft Visual Studio Solution File, Format Version 12.00
# Visual Studio Version 16
VisualStudioVersion = 16.0.31624.102
MinimumVisualStudioVersion = 10.0.40219.1
Project("{FAE04EC0-301F-11D3-BF4B-00C04F79EFBC}") = "PersonalityTest", "Personalitytest\PersonalityTest.csproj", "{D0DB06BA-FC6B-481E-9E3A-369555C376D8}"
EndProject
Project("{FAE04EC0-301F-11D3-BF4B-00C04F79EFBC}") = "PersonalityTestSwitch", "PersonalityTestSwitch\PersonalityTestSwitch.csproj", "{2D54ED1A-60FA-4628-98FD-D4F9DA3DABB5}"
EndProject
Project("{FAE04EC0-301F-11D3-BF4B-00C04F79EFBC}") = "GradingIF", "GradingIF\GradingIF.csproj", "{48131D9B-76FB-421E-B551-E579F156E95C}"
EndProject
Project("{FAE04EC0-301F-11D3-BF4B-00C04F79EFBC}") = "GradingSwitch", "GradingSwitch\GradingSwitch.csproj", "{0BED952E-71ED-4B73-83E8-6952C2406D01}"
EndProject
Project("{FAE04EC0-301F-11D3-BF4B-00C04F79EFBC}") = "CatsAndDogs", "CatsAndDogs\CatsAndDogs.csproj", "{F56A91E0-E0B9-4935-8B3A-CFED4A137161}"
EndProject
Global
	GlobalSection(SolutionConfigurationPlatforms) = preSolution
		Debug|Any CPU = Debug|Any CPU
		Release|Any CPU = Release|Any CPU
	EndGlobalSection
	GlobalSection(ProjectConfigurationPlatforms) = postSolution
		{D0DB06BA-FC6B-481E-9E3A-369555C376D8}.Debug|Any CPU.ActiveCfg = Debug|Any CPU
		{D0DB06BA-FC6B-481E-9E3A-369555C376D8}.Debug|Any CPU.Build.0 = Debug|Any CPU
		{D0DB06BA-FC6B-481E-9E3A-369555C376D8}.Release|Any CPU.ActiveCfg = Release|Any CPU
		{D0DB06BA-FC6B-481E-9E3A-369555C376D8}.Release|Any CPU.Build.0 = Release|Any CPU
		{2D54ED1A-60FA-4628-98FD-D4F9DA3DABB5}.Debug|Any CPU.ActiveCfg = Debug|Any CPU
		{2D54ED1A-60FA-4628-98FD-D4F9DA3DABB5}.Debug|Any CPU.Build.0 = Debug|Any CPU
		{2D54ED1A-60FA-4628-98FD-D4F9DA3DABB5}.Release|Any CPU.ActiveCfg = Release|Any CPU
		{2D54ED1A-60FA-4628-98FD-D4F9DA3DABB5}.Release|Any CPU.Build.0 = Release|Any CPU
		{48131D9B-76FB-421E-B551-E579F156E95C}.Debug|Any CPU.ActiveCfg = Debug|Any CPU
		{48131D9B-76FB-421E-B551-E579F156E95C}.Debug|Any CPU.Build.0 = Debug|Any CPU
		{48131D9B-76FB-421E-B551-E579F156E95C}.Release|Any CPU.ActiveCfg = Release|Any CPU
		{48131D9B-76FB-421E-B551-E579F156E95C}.Release|Any CPU.Build.0 = Release|Any CPU
		{0BED952E-71ED-4B73-83E8-6952C2406D01}.Debug|Any CPU.ActiveCfg = Debug|Any CPU
		{0BED952E-71ED-4B73-83E8-6952C2406D01}.Debug|Any CPU.Build.0 = Debug|Any CPU
		{0BED952E-71ED-4B73-83E8-6952C2406D01}.Release|Any CPU.ActiveCfg = Release|Any CPU
		{0BED952E-71ED-4B73-83E8-6952C2406D01}.Release|Any CPU.Build.0 = Release|Any CPU
		{F56A91E0-E0B9-4935-8B3A-CFED4A137161}.Debug|Any CPU.ActiveCfg = Debug|Any CPU
		{F56A91E0-E0B9-4935-8B3A-CFED4A137161}.Debug|Any CPU.Build.0 = Debug|Any CPU
		{F56A91E0-E0B9-4935-8B3A-CFED4A137161}.Release|Any CPU.ActiveCfg = Release|Any CPU
		{F56A91E0-E0B9-4935-8B3A-CFED4A137161}.Release|Any CPU.Build.0 = Release|Any CPU
	EndGlobalSection
	GlobalSection(SolutionProperties) = preSolution
		HideSolutionNode = FALSE
	EndGlobalSection
	GlobalSection(ExtensibilityGlobals) = postSolution
		SolutionGuid = {DA9DF1A1-F680-47CB-8531-8C19C1D482AD}
	EndGlobalSection
EndGlobal
